
Microsoft Visual Studio Solution File, Format Version 12.00
# Visual Studio 14
VisualStudioVersion = 14.0.25123.0
MinimumVisualStudioVersion = 10.0.40219.1
Project("{159641D6-6404-4A2A-AE62-294DE0FE8301}") = "git test - Itegration Services", "git test - Itegration Services\git test - Itegration Services.dtproj", "{41A8F559-0376-430D-929E-4D50AE8EAA35}"
EndProject
Global
	GlobalSection(SolutionConfigurationPlatforms) = preSolution
		Development|Default = Development|Default
	EndGlobalSection
	GlobalSection(ProjectConfigurationPlatforms) = postSolution
		{41A8F559-0376-430D-929E-4D50AE8EAA35}.Development|Default.ActiveCfg = Development
		{41A8F559-0376-430D-929E-4D50AE8EAA35}.Development|Default.Build.0 = Development
	EndGlobalSection
	GlobalSection(SolutionProperties) = preSolution
		HideSolutionNode = FALSE
	EndGlobalSection
EndGlobal
